{
  "name": "tagsearch",
  "version": "0.0.1",
  "dependencies": {
    "array-uniq": {
      "version": "1.0.2",
      "from": "array-uniq@*",
      "resolved": "https://registry.npmjs.org/array-uniq/-/array-uniq-1.0.2.tgz"
    },
    "flatten": {
      "version": "0.0.1",
      "from": "flatten@*",
      "resolved": "https://registry.npmjs.org/flatten/-/flatten-0.0.1.tgz"
    },
    "object.assign": {
      "version": "3.0.0",
      "from": "object.assign@*",
      "resolved": "https://registry.npmjs.org/object.assign/-/object.assign-3.0.0.tgz",
      "dependencies": {
        "object-keys": {
          "version": "1.0.4",
          "from": "object-keys@>=1.0.3 <2.0.0",
          "resolved": "https://registry.npmjs.org/object-keys/-/object-keys-1.0.4.tgz"
        },
        "define-properties": {
          "version": "1.0.2",
          "from": "define-properties@>=1.0.1 <2.0.0",
          "resolved": "https://registry.npmjs.org/define-properties/-/define-properties-1.0.2.tgz",
          "dependencies": {
            "foreach": {
              "version": "2.0.5",
              "from": "foreach@>=2.0.5 <3.0.0",
              "resolved": "https://registry.npmjs.org/foreach/-/foreach-2.0.5.tgz"
            }
          }
        }
      }
    },
    "regexp.execall": {
      "version": "1.0.0",
      "from": "regexp.execall@*",
      "resolved": "https://registry.npmjs.org/regexp.execall/-/regexp.execall-1.0.0.tgz"
    }
  }
}
